
Microsoft Visual Studio Solution File, Format Version 12.00
# Visual Studio Version 17
VisualStudioVersion = 17.2.32519.379
MinimumVisualStudioVersion = 10.0.40219.1
Project("{FAE04EC0-301F-11D3-BF4B-00C04F79EFBC}") = "MIT_Cafeteria", "MIT_Cafeteria\MIT_Cafeteria.csproj", "{BAEE5A31-FDEE-4AD6-9A66-439E97C23811}"
EndProject
Global
	GlobalSection(SolutionConfigurationPlatforms) = preSolution
		Debug|Any CPU = Debug|Any CPU
		Release|Any CPU = Release|Any CPU
	EndGlobalSection
	GlobalSection(ProjectConfigurationPlatforms) = postSolution
		{BAEE5A31-FDEE-4AD6-9A66-439E97C23811}.Debug|Any CPU.ActiveCfg = Debug|Any CPU
		{BAEE5A31-FDEE-4AD6-9A66-439E97C23811}.Debug|Any CPU.Build.0 = Debug|Any CPU
		{BAEE5A31-FDEE-4AD6-9A66-439E97C23811}.Release|Any CPU.ActiveCfg = Release|Any CPU
		{BAEE5A31-FDEE-4AD6-9A66-439E97C23811}.Release|Any CPU.Build.0 = Release|Any CPU
	EndGlobalSection
	GlobalSection(SolutionProperties) = preSolution
		HideSolutionNode = FALSE
	EndGlobalSection
	GlobalSection(ExtensibilityGlobals) = postSolution
		SolutionGuid = {D728009A-8DF9-4EA0-A725-FB63B8F08A6C}
	EndGlobalSection
EndGlobal
